
Microsoft Visual Studio Solution File, Format Version 12.00
# Visual Studio 15
VisualStudioVersion = 15.0.28307.960
MinimumVisualStudioVersion = 10.0.40219.1
Project("{FAE04EC0-301F-11D3-BF4B-00C04F79EFBC}") = "ScrumPRO", "ScrumPRO\ScrumPRO.csproj", "{5B418AD3-F164-4267-802A-3E81D9967E92}"
EndProject
Global
	GlobalSection(SolutionConfigurationPlatforms) = preSolution
		Debug|Any CPU = Debug|Any CPU
		Release|Any CPU = Release|Any CPU
	EndGlobalSection
	GlobalSection(ProjectConfigurationPlatforms) = postSolution
		{5B418AD3-F164-4267-802A-3E81D9967E92}.Debug|Any CPU.ActiveCfg = Debug|Any CPU
		{5B418AD3-F164-4267-802A-3E81D9967E92}.Debug|Any CPU.Build.0 = Debug|Any CPU
		{5B418AD3-F164-4267-802A-3E81D9967E92}.Release|Any CPU.ActiveCfg = Release|Any CPU
		{5B418AD3-F164-4267-802A-3E81D9967E92}.Release|Any CPU.Build.0 = Release|Any CPU
	EndGlobalSection
	GlobalSection(SolutionProperties) = preSolution
		HideSolutionNode = FALSE
	EndGlobalSection
	GlobalSection(ExtensibilityGlobals) = postSolution
		SolutionGuid = {51B157C0-FEAD-421F-890A-8B5E12125730}
	EndGlobalSection
EndGlobal
